
Microsoft Visual Studio Solution File, Format Version 12.00
# Visual Studio Version 17
VisualStudioVersion = 17.12.35506.116 d17.12
MinimumVisualStudioVersion = 10.0.40219.1
Project("{FAE04EC0-301F-11D3-BF4B-00C04F79EFBC}") = "SocialApp", "SocialApp\SocialApp.csproj", "{C85548DD-C283-44D2-9B93-3E1AA57A95BA}"
EndProject
Global
	GlobalSection(SolutionConfigurationPlatforms) = preSolution
		Debug|Any CPU = Debug|Any CPU
		Release|Any CPU = Release|Any CPU
	EndGlobalSection
	GlobalSection(ProjectConfigurationPlatforms) = postSolution
		{C85548DD-C283-44D2-9B93-3E1AA57A95BA}.Debug|Any CPU.ActiveCfg = Debug|Any CPU
		{C85548DD-C283-44D2-9B93-3E1AA57A95BA}.Debug|Any CPU.Build.0 = Debug|Any CPU
		{C85548DD-C283-44D2-9B93-3E1AA57A95BA}.Release|Any CPU.ActiveCfg = Release|Any CPU
		{C85548DD-C283-44D2-9B93-3E1AA57A95BA}.Release|Any CPU.Build.0 = Release|Any CPU
	EndGlobalSection
	GlobalSection(SolutionProperties) = preSolution
		HideSolutionNode = FALSE
	EndGlobalSection
EndGlobal
